
Microsoft Visual Studio Solution File, Format Version 12.00
# Visual Studio Version 16
VisualStudioVersion = 16.0.30611.23
MinimumVisualStudioVersion = 10.0.40219.1
Project("{FAE04EC0-301F-11D3-BF4B-00C04F79EFBC}") = "DeveloperTestCristhoferMoya", "DeveloperTestCristhoferMoya\DeveloperTestCristhoferMoya.csproj", "{51743539-0833-406E-B878-6C32AF762688}"
EndProject
Project("{FAE04EC0-301F-11D3-BF4B-00C04F79EFBC}") = "DeveloperTestCristhoferMoya.Tests", "DeveloperTestCristhoferMoya.Tests\DeveloperTestCristhoferMoya.Tests.csproj", "{3F1E46C5-4E26-4707-BCD2-2592E3E66CA7}"
EndProject
Global
	GlobalSection(SolutionConfigurationPlatforms) = preSolution
		Debug|Any CPU = Debug|Any CPU
		Release|Any CPU = Release|Any CPU
	EndGlobalSection
	GlobalSection(ProjectConfigurationPlatforms) = postSolution
		{51743539-0833-406E-B878-6C32AF762688}.Debug|Any CPU.ActiveCfg = Debug|Any CPU
		{51743539-0833-406E-B878-6C32AF762688}.Debug|Any CPU.Build.0 = Debug|Any CPU
		{51743539-0833-406E-B878-6C32AF762688}.Release|Any CPU.ActiveCfg = Release|Any CPU
		{51743539-0833-406E-B878-6C32AF762688}.Release|Any CPU.Build.0 = Release|Any CPU
		{3F1E46C5-4E26-4707-BCD2-2592E3E66CA7}.Debug|Any CPU.ActiveCfg = Debug|Any CPU
		{3F1E46C5-4E26-4707-BCD2-2592E3E66CA7}.Debug|Any CPU.Build.0 = Debug|Any CPU
		{3F1E46C5-4E26-4707-BCD2-2592E3E66CA7}.Release|Any CPU.ActiveCfg = Release|Any CPU
		{3F1E46C5-4E26-4707-BCD2-2592E3E66CA7}.Release|Any CPU.Build.0 = Release|Any CPU
	EndGlobalSection
	GlobalSection(SolutionProperties) = preSolution
		HideSolutionNode = FALSE
	EndGlobalSection
	GlobalSection(ExtensibilityGlobals) = postSolution
		SolutionGuid = {F2DF6031-90B4-4386-AC8B-0527B251B3AC}
	EndGlobalSection
EndGlobal
